
Microsoft Visual Studio Solution File, Format Version 12.00
# Visual Studio Version 17
VisualStudioVersion = 17.14.36804.6 d17.14
MinimumVisualStudioVersion = 10.0.40219.1
Project("{54A90642-561A-4BB1-A94E-469ADEE60C69}") = "DoffinFrontend", "DoffinFrontend.esproj", "{1E51FDD5-5D60-B0CD-DB28-2A676416B675}"
EndProject
Global
	GlobalSection(SolutionConfigurationPlatforms) = preSolution
		Debug|Any CPU = Debug|Any CPU
		Release|Any CPU = Release|Any CPU
	EndGlobalSection
	GlobalSection(ProjectConfigurationPlatforms) = postSolution
		{1E51FDD5-5D60-B0CD-DB28-2A676416B675}.Debug|Any CPU.ActiveCfg = Debug|Any CPU
		{1E51FDD5-5D60-B0CD-DB28-2A676416B675}.Debug|Any CPU.Build.0 = Debug|Any CPU
		{1E51FDD5-5D60-B0CD-DB28-2A676416B675}.Debug|Any CPU.Deploy.0 = Debug|Any CPU
		{1E51FDD5-5D60-B0CD-DB28-2A676416B675}.Release|Any CPU.ActiveCfg = Release|Any CPU
		{1E51FDD5-5D60-B0CD-DB28-2A676416B675}.Release|Any CPU.Build.0 = Release|Any CPU
		{1E51FDD5-5D60-B0CD-DB28-2A676416B675}.Release|Any CPU.Deploy.0 = Release|Any CPU
	EndGlobalSection
	GlobalSection(SolutionProperties) = preSolution
		HideSolutionNode = FALSE
	EndGlobalSection
	GlobalSection(ExtensibilityGlobals) = postSolution
		SolutionGuid = {A748D8E0-57AD-4F34-B548-9ED2541A3CC7}
	EndGlobalSection
EndGlobal
